<?xml version="1.0" encoding="utf-8"?>
<Project ToolsVersion="18.0" xmlns="http://schemas.microsoft.com/developer/msbuild/2003">
  <ItemGroup>
    <CustomBuild Include="D:\Vit_DAW\Export\build_launcher\CMakeFiles\2715c79e6f9d1be13516190464a8000a\generate.stamp.rule">
      <Filter>CMake Rules</Filter>
    </CustomBuild>
  </ItemGroup>
  <ItemGroup>
    <Filter Include="CMake Rules">
      <UniqueIdentifier>{EA8A5AE6-56AB-3536-A173-9F910B66A879}</UniqueIdentifier>
    </Filter>
  </ItemGroup>
</Project>
